
Microsoft Visual Studio Solution File, Format Version 12.00
# Visual Studio 2012
Project("{F184B08F-C81C-45F6-A57F-5ABD9991F28F}") = "SIF.Views.Destok", "appFacturacion\SIF.Views.Destok.vbproj", "{2051D340-13DD-442E-8815-CF14A0170A0B}"
	ProjectSection(ProjectDependencies) = postProject
		{F8342E91-25D9-4D77-B41D-3E9C2009CEA5} = {F8342E91-25D9-4D77-B41D-3E9C2009CEA5}
	EndProjectSection
EndProject
Project("{F184B08F-C81C-45F6-A57F-5ABD9991F28F}") = "ServiciosWeb", "Capadenegocio\ServiciosWeb.vbproj", "{F8342E91-25D9-4D77-B41D-3E9C2009CEA5}"
EndProject
Project("{F184B08F-C81C-45F6-A57F-5ABD9991F28F}") = "ORM", "CapaDeDatosORM\ORM.vbproj", "{702BF364-8EE4-4A6A-864F-EDD72F96EEA0}"
EndProject
Project("{2150E333-8FDC-42A3-9474-1A3956D46DE8}") = "CapaDePresentacion", "CapaDePresentacion", "{2B0D377F-0F8D-4CB2-A027-54F838EE874F}"
EndProject
Project("{2150E333-8FDC-42A3-9474-1A3956D46DE8}") = "CapaDeDato", "CapaDeDato", "{EE83F6C3-B954-4DC1-BB67-D438ED3D4C7C}"
EndProject
Project("{2150E333-8FDC-42A3-9474-1A3956D46DE8}") = "CapaDeNegocio", "CapaDeNegocio", "{10C70BC1-9C78-46D9-AB13-1F088A1C58BD}"
EndProject
Project("{6141683F-8A12-4E36-9623-2EB02B2C2303}") = "Setup 120420162008", "Setup 120420162008\Setup 120420162008.isproj", "{EC746B7B-8434-4EE3-B733-7728A41F1561}"
EndProject
Global
	GlobalSection(SolutionConfigurationPlatforms) = preSolution
		CD_ROM|Any CPU = CD_ROM|Any CPU
		CD_ROM|Mixed Platforms = CD_ROM|Mixed Platforms
		CD_ROM|x86 = CD_ROM|x86
		Debug|Any CPU = Debug|Any CPU
		Debug|Mixed Platforms = Debug|Mixed Platforms
		Debug|x86 = Debug|x86
		DVD-5|Any CPU = DVD-5|Any CPU
		DVD-5|Mixed Platforms = DVD-5|Mixed Platforms
		DVD-5|x86 = DVD-5|x86
		Release|Any CPU = Release|Any CPU
		Release|Mixed Platforms = Release|Mixed Platforms
		Release|x86 = Release|x86
		SingleImage|Any CPU = SingleImage|Any CPU
		SingleImage|Mixed Platforms = SingleImage|Mixed Platforms
		SingleImage|x86 = SingleImage|x86
	EndGlobalSection
	GlobalSection(ProjectConfigurationPlatforms) = postSolution
		{2051D340-13DD-442E-8815-CF14A0170A0B}.CD_ROM|Any CPU.ActiveCfg = Release|x86
		{2051D340-13DD-442E-8815-CF14A0170A0B}.CD_ROM|Mixed Platforms.ActiveCfg = Release|x86
		{2051D340-13DD-442E-8815-CF14A0170A0B}.CD_ROM|Mixed Platforms.Build.0 = Release|x86
		{2051D340-13DD-442E-8815-CF14A0170A0B}.CD_ROM|x86.ActiveCfg = Release|x86
		{2051D340-13DD-442E-8815-CF14A0170A0B}.CD_ROM|x86.Build.0 = Release|x86
		{2051D340-13DD-442E-8815-CF14A0170A0B}.Debug|Any CPU.ActiveCfg = Debug|x86
		{2051D340-13DD-442E-8815-CF14A0170A0B}.Debug|Mixed Platforms.ActiveCfg = Debug|x86
		{2051D340-13DD-442E-8815-CF14A0170A0B}.Debug|Mixed Platforms.Build.0 = Debug|x86
		{2051D340-13DD-442E-8815-CF14A0170A0B}.Debug|x86.ActiveCfg = Debug|x86
		{2051D340-13DD-442E-8815-CF14A0170A0B}.Debug|x86.Build.0 = Debug|x86
		{2051D340-13DD-442E-8815-CF14A0170A0B}.DVD-5|Any CPU.ActiveCfg = Debug|x86
		{2051D340-13DD-442E-8815-CF14A0170A0B}.DVD-5|Mixed Platforms.ActiveCfg = Debug|x86
		{2051D340-13DD-442E-8815-CF14A0170A0B}.DVD-5|Mixed Platforms.Build.0 = Debug|x86
		{2051D340-13DD-442E-8815-CF14A0170A0B}.DVD-5|x86.ActiveCfg = Debug|x86
		{2051D340-13DD-442E-8815-CF14A0170A0B}.DVD-5|x86.Build.0 = Debug|x86
		{2051D340-13DD-442E-8815-CF14A0170A0B}.Release|Any CPU.ActiveCfg = Release|x86
		{2051D340-13DD-442E-8815-CF14A0170A0B}.Release|Mixed Platforms.ActiveCfg = Release|x86
		{2051D340-13DD-442E-8815-CF14A0170A0B}.Release|Mixed Platforms.Build.0 = Release|x86
		{2051D340-13DD-442E-8815-CF14A0170A0B}.Release|x86.ActiveCfg = Release|x86
		{2051D340-13DD-442E-8815-CF14A0170A0B}.Release|x86.Build.0 = Release|x86
		{2051D340-13DD-442E-8815-CF14A0170A0B}.SingleImage|Any CPU.ActiveCfg = Release|x86
		{2051D340-13DD-442E-8815-CF14A0170A0B}.SingleImage|Mixed Platforms.ActiveCfg = Release|x86
		{2051D340-13DD-442E-8815-CF14A0170A0B}.SingleImage|Mixed Platforms.Build.0 = Release|x86
		{2051D340-13DD-442E-8815-CF14A0170A0B}.SingleImage|x86.ActiveCfg = Release|x86
		{2051D340-13DD-442E-8815-CF14A0170A0B}.SingleImage|x86.Build.0 = Release|x86
		{F8342E91-25D9-4D77-B41D-3E9C2009CEA5}.CD_ROM|Any CPU.ActiveCfg = Release|Any CPU
		{F8342E91-25D9-4D77-B41D-3E9C2009CEA5}.CD_ROM|Any CPU.Build.0 = Release|Any CPU
		{F8342E91-25D9-4D77-B41D-3E9C2009CEA5}.CD_ROM|Mixed Platforms.ActiveCfg = Release|Any CPU
		{F8342E91-25D9-4D77-B41D-3E9C2009CEA5}.CD_ROM|Mixed Platforms.Build.0 = Release|Any CPU
		{F8342E91-25D9-4D77-B41D-3E9C2009CEA5}.CD_ROM|x86.ActiveCfg = Release|Any CPU
		{F8342E91-25D9-4D77-B41D-3E9C2009CEA5}.Debug|Any CPU.ActiveCfg = Debug|Any CPU
		{F8342E91-25D9-4D77-B41D-3E9C2009CEA5}.Debug|Any CPU.Build.0 = Debug|Any CPU
		{F8342E91-25D9-4D77-B41D-3E9C2009CEA5}.Debug|Mixed Platforms.ActiveCfg = Debug|Any CPU
		{F8342E91-25D9-4D77-B41D-3E9C2009CEA5}.Debug|Mixed Platforms.Build.0 = Debug|Any CPU
		{F8342E91-25D9-4D77-B41D-3E9C2009CEA5}.Debug|x86.ActiveCfg = Debug|Any CPU
		{F8342E91-25D9-4D77-B41D-3E9C2009CEA5}.DVD-5|Any CPU.ActiveCfg = Debug|Any CPU
		{F8342E91-25D9-4D77-B41D-3E9C2009CEA5}.DVD-5|Any CPU.Build.0 = Debug|Any CPU
		{F8342E91-25D9-4D77-B41D-3E9C2009CEA5}.DVD-5|Mixed Platforms.ActiveCfg = Debug|Any CPU
		{F8342E91-25D9-4D77-B41D-3E9C2009CEA5}.DVD-5|Mixed Platforms.Build.0 = Debug|Any CPU
		{F8342E91-25D9-4D77-B41D-3E9C2009CEA5}.DVD-5|x86.ActiveCfg = Debug|Any CPU
		{F8342E91-25D9-4D77-B41D-3E9C2009CEA5}.Release|Any CPU.ActiveCfg = Release|Any CPU
		{F8342E91-25D9-4D77-B41D-3E9C2009CEA5}.Release|Any CPU.Build.0 = Release|Any CPU
		{F8342E91-25D9-4D77-B41D-3E9C2009CEA5}.Release|Mixed Platforms.ActiveCfg = Release|Any CPU
		{F8342E91-25D9-4D77-B41D-3E9C2009CEA5}.Release|Mixed Platforms.Build.0 = Release|Any CPU
		{F8342E91-25D9-4D77-B41D-3E9C2009CEA5}.Release|x86.ActiveCfg = Release|Any CPU
		{F8342E91-25D9-4D77-B41D-3E9C2009CEA5}.SingleImage|Any CPU.ActiveCfg = Release|Any CPU
		{F8342E91-25D9-4D77-B41D-3E9C2009CEA5}.SingleImage|Any CPU.Build.0 = Release|Any CPU
		{F8342E91-25D9-4D77-B41D-3E9C2009CEA5}.SingleImage|Mixed Platforms.ActiveCfg = Release|Any CPU
		{F8342E91-25D9-4D77-B41D-3E9C2009CEA5}.SingleImage|Mixed Platforms.Build.0 = Release|Any CPU
		{F8342E91-25D9-4D77-B41D-3E9C2009CEA5}.SingleImage|x86.ActiveCfg = Release|Any CPU
		{702BF364-8EE4-4A6A-864F-EDD72F96EEA0}.CD_ROM|Any CPU.ActiveCfg = Release|Any CPU
		{702BF364-8EE4-4A6A-864F-EDD72F96EEA0}.CD_ROM|Any CPU.Build.0 = Release|Any CPU
		{702BF364-8EE4-4A6A-864F-EDD72F96EEA0}.CD_ROM|Mixed Platforms.ActiveCfg = Release|Any CPU
		{702BF364-8EE4-4A6A-864F-EDD72F96EEA0}.CD_ROM|Mixed Platforms.Build.0 = Release|Any CPU
		{702BF364-8EE4-4A6A-864F-EDD72F96EEA0}.CD_ROM|x86.ActiveCfg = Release|Any CPU
		{702BF364-8EE4-4A6A-864F-EDD72F96EEA0}.Debug|Any CPU.ActiveCfg = Debug|Any CPU
		{702BF364-8EE4-4A6A-864F-EDD72F96EEA0}.Debug|Any CPU.Build.0 = Debug|Any CPU
		{702BF364-8EE4-4A6A-864F-EDD72F96EEA0}.Debug|Mixed Platforms.ActiveCfg = Debug|Any CPU
		{702BF364-8EE4-4A6A-864F-EDD72F96EEA0}.Debug|Mixed Platforms.Build.0 = Debug|Any CPU
		{702BF364-8EE4-4A6A-864F-EDD72F96EEA0}.Debug|x86.ActiveCfg = Debug|Any CPU
		{702BF364-8EE4-4A6A-864F-EDD72F96EEA0}.DVD-5|Any CPU.ActiveCfg = Debug|Any CPU
		{702BF364-8EE4-4A6A-864F-EDD72F96EEA0}.DVD-5|Any CPU.Build.0 = Debug|Any CPU
		{702BF364-8EE4-4A6A-864F-EDD72F96EEA0}.DVD-5|Mixed Platforms.ActiveCfg = Debug|Any CPU
		{702BF364-8EE4-4A6A-864F-EDD72F96EEA0}.DVD-5|Mixed Platforms.Build.0 = Debug|Any CPU
		{702BF364-8EE4-4A6A-864F-EDD72F96EEA0}.DVD-5|x86.ActiveCfg = Debug|Any CPU
		{702BF364-8EE4-4A6A-864F-EDD72F96EEA0}.Release|Any CPU.ActiveCfg = Release|Any CPU
		{702BF364-8EE4-4A6A-864F-EDD72F96EEA0}.Release|Any CPU.Build.0 = Release|Any CPU
		{702BF364-8EE4-4A6A-864F-EDD72F96EEA0}.Release|Mixed Platforms.ActiveCfg = Release|Any CPU
		{702BF364-8EE4-4A6A-864F-EDD72F96EEA0}.Release|Mixed Platforms.Build.0 = Release|Any CPU
		{702BF364-8EE4-4A6A-864F-EDD72F96EEA0}.Release|x86.ActiveCfg = Release|Any CPU
		{702BF364-8EE4-4A6A-864F-EDD72F96EEA0}.SingleImage|Any CPU.ActiveCfg = Release|Any CPU
		{702BF364-8EE4-4A6A-864F-EDD72F96EEA0}.SingleImage|Any CPU.Build.0 = Release|Any CPU
		{702BF364-8EE4-4A6A-864F-EDD72F96EEA0}.SingleImage|Mixed Platforms.ActiveCfg = Release|Any CPU
		{702BF364-8EE4-4A6A-864F-EDD72F96EEA0}.SingleImage|Mixed Platforms.Build.0 = Release|Any CPU
		{702BF364-8EE4-4A6A-864F-EDD72F96EEA0}.SingleImage|x86.ActiveCfg = Release|Any CPU
		{EC746B7B-8434-4EE3-B733-7728A41F1561}.CD_ROM|Any CPU.ActiveCfg = CD_ROM
		{EC746B7B-8434-4EE3-B733-7728A41F1561}.CD_ROM|Any CPU.Build.0 = CD_ROM
		{EC746B7B-8434-4EE3-B733-7728A41F1561}.CD_ROM|Mixed Platforms.ActiveCfg = CD_ROM
		{EC746B7B-8434-4EE3-B733-7728A41F1561}.CD_ROM|Mixed Platforms.Build.0 = CD_ROM
		{EC746B7B-8434-4EE3-B733-7728A41F1561}.CD_ROM|x86.ActiveCfg = CD_ROM
		{EC746B7B-8434-4EE3-B733-7728A41F1561}.CD_ROM|x86.Build.0 = CD_ROM
		{EC746B7B-8434-4EE3-B733-7728A41F1561}.Debug|Any CPU.ActiveCfg = DVD-5
		{EC746B7B-8434-4EE3-B733-7728A41F1561}.Debug|Any CPU.Build.0 = DVD-5
		{EC746B7B-8434-4EE3-B733-7728A41F1561}.Debug|Mixed Platforms.ActiveCfg = DVD-5
		{EC746B7B-8434-4EE3-B733-7728A41F1561}.Debug|Mixed Platforms.Build.0 = DVD-5
		{EC746B7B-8434-4EE3-B733-7728A41F1561}.Debug|x86.ActiveCfg = DVD-5
		{EC746B7B-8434-4EE3-B733-7728A41F1561}.Debug|x86.Build.0 = DVD-5
		{EC746B7B-8434-4EE3-B733-7728A41F1561}.DVD-5|Any CPU.ActiveCfg = DVD-5
		{EC746B7B-8434-4EE3-B733-7728A41F1561}.DVD-5|Any CPU.Build.0 = DVD-5
		{EC746B7B-8434-4EE3-B733-7728A41F1561}.DVD-5|Mixed Platforms.ActiveCfg = DVD-5
		{EC746B7B-8434-4EE3-B733-7728A41F1561}.DVD-5|Mixed Platforms.Build.0 = DVD-5
		{EC746B7B-8434-4EE3-B733-7728A41F1561}.DVD-5|x86.ActiveCfg = DVD-5
		{EC746B7B-8434-4EE3-B733-7728A41F1561}.DVD-5|x86.Build.0 = DVD-5
		{EC746B7B-8434-4EE3-B733-7728A41F1561}.Release|Any CPU.ActiveCfg = SingleImage
		{EC746B7B-8434-4EE3-B733-7728A41F1561}.Release|Any CPU.Build.0 = SingleImage
		{EC746B7B-8434-4EE3-B733-7728A41F1561}.Release|Mixed Platforms.ActiveCfg = SingleImage
		{EC746B7B-8434-4EE3-B733-7728A41F1561}.Release|Mixed Platforms.Build.0 = SingleImage
		{EC746B7B-8434-4EE3-B733-7728A41F1561}.Release|x86.ActiveCfg = SingleImage
		{EC746B7B-8434-4EE3-B733-7728A41F1561}.Release|x86.Build.0 = SingleImage
		{EC746B7B-8434-4EE3-B733-7728A41F1561}.SingleImage|Any CPU.ActiveCfg = SingleImage
		{EC746B7B-8434-4EE3-B733-7728A41F1561}.SingleImage|Any CPU.Build.0 = SingleImage
		{EC746B7B-8434-4EE3-B733-7728A41F1561}.SingleImage|Mixed Platforms.ActiveCfg = SingleImage
		{EC746B7B-8434-4EE3-B733-7728A41F1561}.SingleImage|Mixed Platforms.Build.0 = SingleImage
		{EC746B7B-8434-4EE3-B733-7728A41F1561}.SingleImage|x86.ActiveCfg = SingleImage
		{EC746B7B-8434-4EE3-B733-7728A41F1561}.SingleImage|x86.Build.0 = SingleImage
	EndGlobalSection
	GlobalSection(SolutionProperties) = preSolution
		HideSolutionNode = FALSE
	EndGlobalSection
	GlobalSection(NestedProjects) = preSolution
		{2051D340-13DD-442E-8815-CF14A0170A0B} = {2B0D377F-0F8D-4CB2-A027-54F838EE874F}
		{F8342E91-25D9-4D77-B41D-3E9C2009CEA5} = {10C70BC1-9C78-46D9-AB13-1F088A1C58BD}
		{702BF364-8EE4-4A6A-864F-EDD72F96EEA0} = {EE83F6C3-B954-4DC1-BB67-D438ED3D4C7C}
	EndGlobalSection
EndGlobal
